// !$*UTF8*$!
{
	archiveVersion = 1;
	classes = {
	};
	objectVersion = 56;
	objects = {

/* Begin PBXBuildFile section */
		67299BF92BEB1BF60055D990 /* Movie_App_REST_APIApp.swift in Sources */ = {isa = PBXBuildFile; fileRef = 67299BF82BEB1BF60055D990 /* Movie_App_REST_APIApp.swift */; };
		67299BFB2BEB1BF60055D990 /* ContentView.swift in Sources */ = {isa = PBXBuildFile; fileRef = 67299BFA2BEB1BF60055D990 /* ContentView.swift */; };
		67299BFD2BEB1BF70055D990 /* Assets.xcassets in Resources */ = {isa = PBXBuildFile; fileRef = 67299BFC2BEB1BF70055D990 /* Assets.xcassets */; };
		67299C002BEB1BF70055D990 /* Preview Assets.xcassets in Resources */ = {isa = PBXBuildFile; fileRef = 67299BFF2BEB1BF70055D990 /* Preview Assets.xcassets */; };
		67299C0A2BEB1BF70055D990 /* Movie_App_REST_APITests.swift in Sources */ = {isa = PBXBuildFile; fileRef = 67299C092BEB1BF70055D990 /* Movie_App_REST_APITests.swift */; };
		67299C142BEB1BF70055D990 /* Movie_App_REST_APIUITests.swift in Sources */ = {isa = PBXBuildFile; fileRef = 67299C132BEB1BF70055D990 /* Movie_App_REST_APIUITests.swift */; };
		67299C162BEB1BF70055D990 /* Movie_App_REST_APIUITestsLaunchTests.swift in Sources */ = {isa = PBXBuildFile; fileRef = 67299C152BEB1BF70055D990 /* Movie_App_REST_APIUITestsLaunchTests.swift */; };
/* End PBXBuildFile section */

/* Begin PBXContainerItemProxy section */
		67299C062BEB1BF70055D990 /* PBXContainerItemProxy */ = {
			isa = PBXContainerItemProxy;
			containerPortal = 67299BED2BEB1BF60055D990 /* Project object */;
			proxyType = 1;
			remoteGlobalIDString = 67299BF42BEB1BF60055D990;
			remoteInfo = "Movie App REST API";
		};
		67299C102BEB1BF70055D990 /* PBXContainerItemProxy */ = {
			isa = PBXContainerItemProxy;
			containerPortal = 67299BED2BEB1BF60055D990 /* Project object */;
			proxyType = 1;
			remoteGlobalIDString = 67299BF42BEB1BF60055D990;
			remoteInfo = "Movie App REST API";
		};
/* End PBXContainerItemProxy section */

/* Begin PBXFileReference section */
		67299BF52BEB1BF60055D990 /* Movie App REST API.app */ = {isa = PBXFileReference; explicitFileType = wrapper.application; includeInIndex = 0; path = "Movie App REST API.app"; sourceTree = BUILT_PRODUCTS_DIR; };
		67299BF82BEB1BF60055D990 /* Movie_App_REST_APIApp.swift */ = {isa = PBXFileReference; lastKnownFileType = sourcecode.swift; path = Movie_App_REST_APIApp.swift; sourceTree = "<group>"; };
		67299BFA2BEB1BF60055D990 /* ContentView.swift */ = {isa = PBXFileReference; lastKnownFileType = sourcecode.swift; path = ContentView.swift; sourceTree = "<group>"; };
		67299BFC2BEB1BF70055D990 /* Assets.xcassets */ = {isa = PBXFileReference; lastKnownFileType = folder.assetcatalog; path = Assets.xcassets; sourceTree = "<group>"; };
		67299BFF2BEB1BF70055D990 /* Preview Assets.xcassets */ = {isa = PBXFileReference; lastKnownFileType = folder.assetcatalog; path = "Preview Assets.xcassets"; sourceTree = "<group>"; };
		67299C052BEB1BF70055D990 /* Movie App REST APITests.xctest */ = {isa = PBXFileReference; explicitFileType = wrapper.cfbundle; includeInIndex = 0; path = "Movie App REST APITests.xctest"; sourceTree = BUILT_PRODUCTS_DIR; };
		67299C092BEB1BF70055D990 /* Movie_App_REST_APITests.swift */ = {isa = PBXFileReference; lastKnownFileType = sourcecode.swift; path = Movie_App_REST_APITests.swift; sourceTree = "<group>"; };
		67299C0F2BEB1BF70055D990 /* Movie App REST APIUITests.xctest */ = {isa = PBXFileReference; explicitFileType = wrapper.cfbundle; includeInIndex = 0; path = "Movie App REST APIUITests.xctest"; sourceTree = BUILT_PRODUCTS_DIR; };
		67299C132BEB1BF70055D990 /* Movie_App_REST_APIUITests.swift */ = {isa = PBXFileReference; lastKnownFileType = sourcecode.swift; path = Movie_App_REST_APIUITests.swift; sourceTree = "<group>"; };
		67299C152BEB1BF70055D990 /* Movie_App_REST_APIUITestsLaunchTests.swift */ = {isa = PBXFileReference; lastKnownFileType = sourcecode.swift; path = Movie_App_REST_APIUITestsLaunchTests.swift; sourceTree = "<group>"; };
/* End PBXFileReference section */

/* Begin PBXFrameworksBuildPhase section */
		67299BF22BEB1BF60055D990 /* Frameworks */ = {
			isa = PBXFrameworksBuildPhase;
			buildActionMask = 2147483647;
			files = (
			);
			runOnlyForDeploymentPostprocessing = 0;
		};
		67299C022BEB1BF70055D990 /* Frameworks */ = {
			isa = PBXFrameworksBuildPhase;
			buildActionMask = 2147483647;
			files = (
			);
			runOnlyForDeploymentPostprocessing = 0;
		};
		67299C0C2BEB1BF70055D990 /* Frameworks */ = {
			isa = PBXFrameworksBuildPhase;
			buildActionMask = 2147483647;
			files = (
			);
			runOnlyForDeploymentPostprocessing = 0;
		};
/* End PBXFrameworksBuildPhase section */

/* Begin PBXGroup section */
		67299BEC2BEB1BF60055D990 = {
			isa = PBXGroup;
			children = (
				67299BF72BEB1BF60055D990 /* Movie App REST API */,
				67299C082BEB1BF70055D990 /* Movie App REST APITests */,
				67299C122BEB1BF70055D990 /* Movie App REST APIUITests */,
				67299BF62BEB1BF60055D990 /* Products */,
			);
			sourceTree = "<group>";
		};
		67299BF62BEB1BF60055D990 /* Products */ = {
			isa = PBXGroup;
			children = (
				67299BF52BEB1BF60055D990 /* Movie App REST API.app */,
				67299C052BEB1BF70055D990 /* Movie App REST APITests.xctest */,
				67299C0F2BEB1BF70055D990 /* Movie App REST APIUITests.xctest */,
			);
			name = Products;
			sourceTree = "<group>";
		};
		67299BF72BEB1BF60055D990 /* Movie App REST API */ = {
			isa = PBXGroup;
			children = (
				67299BF82BEB1BF60055D990 /* Movie_App_REST_APIApp.swift */,
				67299BFA2BEB1BF60055D990 /* ContentView.swift */,
				67299BFC2BEB1BF70055D990 /* Assets.xcassets */,
				67299BFE2BEB1BF70055D990 /* Preview Content */,
			);
			path = "Movie App REST API";
			sourceTree = "<group>";
		};
		67299BFE2BEB1BF70055D990 /* Preview Content */ = {
			isa = PBXGroup;
			children = (
				67299BFF2BEB1BF70055D990 /* Preview Assets.xcassets */,
			);
			path = "Preview Content";
			sourceTree = "<group>";
		};
		67299C082BEB1BF70055D990 /* Movie App REST APITests */ = {
			isa = PBXGroup;
			children = (
				67299C092BEB1BF70055D990 /* Movie_App_REST_APITests.swift */,
			);
			path = "Movie App REST APITests";
			sourceTree = "<group>";
		};
		67299C122BEB1BF70055D990 /* Movie App REST APIUITests */ = {
			isa = PBXGroup;
			children = (
				67299C132BEB1BF70055D990 /* Movie_App_REST_APIUITests.swift */,
				67299C152BEB1BF70055D990 /* Movie_App_REST_APIUITestsLaunchTests.swift */,
			);
			path = "Movie App REST APIUITests";
			sourceTree = "<group>";
		};
/* End PBXGroup section */

/* Begin PBXNativeTarget section */
		67299BF42BEB1BF60055D990 /* Movie App REST API */ = {
			isa = PBXNativeTarget;
			buildConfigurationList = 67299C192BEB1BF70055D990 /* Build configuration list for PBXNativeTarget "Movie App REST API" */;
			buildPhases = (
				67299BF12BEB1BF60055D990 /* Sources */,
				67299BF22BEB1BF60055D990 /* Frameworks */,
				67299BF32BEB1BF60055D990 /* Resources */,
			);
			buildRules = (
			);
			dependencies = (
			);
			name = "Movie App REST API";
			productName = "Movie App REST API";
			productReference = 67299BF52BEB1BF60055D990 /* Movie App REST API.app */;
			productType = "com.apple.product-type.application";
		};
		67299C042BEB1BF70055D990 /* Movie App REST APITests */ = {
			isa = PBXNativeTarget;
			buildConfigurationList = 67299C1C2BEB1BF70055D990 /* Build configuration list for PBXNativeTarget "Movie App REST APITests" */;
			buildPhases = (
				67299C012BEB1BF70055D990 /* Sources */,
				67299C022BEB1BF70055D990 /* Frameworks */,
				67299C032BEB1BF70055D990 /* Resources */,
			);
			buildRules = (
			);
			dependencies = (
				67299C072BEB1BF70055D990 /* PBXTargetDependency */,
			);
			name = "Movie App REST APITests";
			productName = "Movie App REST APITests";
			productReference = 67299C052BEB1BF70055D990 /* Movie App REST APITests.xctest */;
			productType = "com.apple.product-type.bundle.unit-test";
		};
		67299C0E2BEB1BF70055D990 /* Movie App REST APIUITests */ = {
			isa = PBXNativeTarget;
			buildConfigurationList = 67299C1F2BEB1BF70055D990 /* Build configuration list for PBXNativeTarget "Movie App REST APIUITests" */;
			buildPhases = (
				67299C0B2BEB1BF70055D990 /* Sources */,
				67299C0C2BEB1BF70055D990 /* Frameworks */,
				67299C0D2BEB1BF70055D990 /* Resources */,
			);
			buildRules = (
			);
			dependencies = (
				67299C112BEB1BF70055D990 /* PBXTargetDependency */,
			);
			name = "Movie App REST APIUITests";
			productName = "Movie App REST APIUITests";
			productReference = 67299C0F2BEB1BF70055D990 /* Movie App REST APIUITests.xctest */;
			productType = "com.apple.product-type.bundle.ui-testing";
		};
/* End PBXNativeTarget section */

/* Begin PBXProject section */
		67299BED2BEB1BF60055D990 /* Project object */ = {
			isa = PBXProject;
			attributes = {
				BuildIndependentTargetsInParallel = 1;
				LastSwiftUpdateCheck = 1530;
				LastUpgradeCheck = 1530;
				TargetAttributes = {
					67299BF42BEB1BF60055D990 = {
						CreatedOnToolsVersion = 15.3;
					};
					67299C042BEB1BF70055D990 = {
						CreatedOnToolsVersion = 15.3;
						TestTargetID = 67299BF42BEB1BF60055D990;
					};
					67299C0E2BEB1BF70055D990 = {
						CreatedOnToolsVersion = 15.3;
						TestTargetID = 67299BF42BEB1BF60055D990;
					};
				};
			};
			buildConfigurationList = 67299BF02BEB1BF60055D990 /* Build configuration list for PBXProject "Movie App REST API" */;
			compatibilityVersion = "Xcode 14.0";
			developmentRegion = en;
			hasScannedForEncodings = 0;
			knownRegions = (
				en,
				Base,
			);
			mainGroup = 67299BEC2BEB1BF60055D990;
			productRefGroup = 67299BF62BEB1BF60055D990 /* Products */;
			projectDirPath = "";
			projectRoot = "";
			targets = (
				67299BF42BEB1BF60055D990 /* Movie App REST API */,
				67299C042BEB1BF70055D990 /* Movie App REST APITests */,
				67299C0E2BEB1BF70055D990 /* Movie App REST APIUITests */,
			);
		};
/* End PBXProject section */

/* Begin PBXResourcesBuildPhase section */
		67299BF32BEB1BF60055D990 /* Resources */ = {
			isa = PBXResourcesBuildPhase;
			buildActionMask = 2147483647;
			files = (
				67299C002BEB1BF70055D990 /* Preview Assets.xcassets in Resources */,
				67299BFD2BEB1BF70055D990 /* Assets.xcassets in Resources */,
			);
			runOnlyForDeploymentPostprocessing = 0;
		};
		67299C032BEB1BF70055D990 /* Resources */ = {
			isa = PBXResourcesBuildPhase;
			buildActionMask = 2147483647;
			files = (
			);
			runOnlyForDeploymentPostprocessing = 0;
		};
		67299C0D2BEB1BF70055D990 /* Resources */ = {
			isa = PBXResourcesBuildPhase;
			buildActionMask = 2147483647;
			files = (
			);
			runOnlyForDeploymentPostprocessing = 0;
		};
/* End PBXResourcesBuildPhase section */

/* Begin PBXSourcesBuildPhase section */
		67299BF12BEB1BF60055D990 /* Sources */ = {
			isa = PBXSourcesBuildPhase;
			buildActionMask = 2147483647;
			files = (
				67299BFB2BEB1BF60055D990 /* ContentView.swift in Sources */,
				67299BF92BEB1BF60055D990 /* Movie_App_REST_APIApp.swift in Sources */,
			);
			runOnlyForDeploymentPostprocessing = 0;
		};
		67299C012BEB1BF70055D990 /* Sources */ = {
			isa = PBXSourcesBuildPhase;
			buildActionMask = 2147483647;
			files = (
				67299C0A2BEB1BF70055D990 /* Movie_App_REST_APITests.swift in Sources */,
			);
			runOnlyForDeploymentPostprocessing = 0;
		};
		67299C0B2BEB1BF70055D990 /* Sources */ = {
			isa = PBXSourcesBuildPhase;
			buildActionMask = 2147483647;
			files = (
				67299C162BEB1BF70055D990 /* Movie_App_REST_APIUITestsLaunchTests.swift in Sources */,
				67299C142BEB1BF70055D990 /* Movie_App_REST_APIUITests.swift in Sources */,
			);
			runOnlyForDeploymentPostprocessing = 0;
		};
/* End PBXSourcesBuildPhase section */

/* Begin PBXTargetDependency section */
		67299C072BEB1BF70055D990 /* PBXTargetDependency */ = {
			isa = PBXTargetDependency;
			target = 67299BF42BEB1BF60055D990 /* Movie App REST API */;
			targetProxy = 67299C062BEB1BF70055D990 /* PBXContainerItemProxy */;
		};
		67299C112BEB1BF70055D990 /* PBXTargetDependency */ = {
			isa = PBXTargetDependency;
			target = 67299BF42BEB1BF60055D990 /* Movie App REST API */;
			targetProxy = 67299C102BEB1BF70055D990 /* PBXContainerItemProxy */;
		};
/* End PBXTargetDependency section */

/* Begin XCBuildConfiguration section */
		67299C172BEB1BF70055D990 /* Debug */ = {
			isa = XCBuildConfiguration;
			buildSettings = {
				ALWAYS_SEARCH_USER_PATHS = NO;
				ASSETCATALOG_COMPILER_GENERATE_SWIFT_ASSET_SYMBOL_EXTENSIONS = YES;
				CLANG_ANALYZER_NONNULL = YES;
				CLANG_ANALYZER_NUMBER_OBJECT_CONVERSION = YES_AGGRESSIVE;
				CLANG_CXX_LANGUAGE_STANDARD = "gnu++20";
				CLANG_ENABLE_MODULES = YES;
				CLANG_ENABLE_OBJC_ARC = YES;
				CLANG_ENABLE_OBJC_WEAK = YES;
				CLANG_WARN_BLOCK_CAPTURE_AUTORELEASING = YES;
				CLANG_WARN_BOOL_CONVERSION = YES;
				CLANG_WARN_COMMA = YES;
				CLANG_WARN_CONSTANT_CONVERSION = YES;
				CLANG_WARN_DEPRECATED_OBJC_IMPLEMENTATIONS = YES;
				CLANG_WARN_DIRECT_OBJC_ISA_USAGE = YES_ERROR;
				CLANG_WARN_DOCUMENTATION_COMMENTS = YES;
				CLANG_WARN_EMPTY_BODY = YES;
				CLANG_WARN_ENUM_CONVERSION = YES;
				CLANG_WARN_INFINITE_RECURSION = YES;
				CLANG_WARN_INT_CONVERSION = YES;
				CLANG_WARN_NON_LITERAL_NULL_CONVERSION = YES;
				CLANG_WARN_OBJC_IMPLICIT_RETAIN_SELF = YES;
				CLANG_WARN_OBJC_LITERAL_CONVERSION = YES;
				CLANG_WARN_OBJC_ROOT_CLASS = YES_ERROR;
				CLANG_WARN_QUOTED_INCLUDE_IN_FRAMEWORK_HEADER = YES;
				CLANG_WARN_RANGE_LOOP_ANALYSIS = YES;
				CLANG_WARN_STRICT_PROTOTYPES = YES;
				CLANG_WARN_SUSPICIOUS_MOVE = YES;
				CLANG_WARN_UNGUARDED_AVAILABILITY = YES_AGGRESSIVE;
				CLANG_WARN_UNREACHABLE_CODE = YES;
				CLANG_WARN__DUPLICATE_METHOD_MATCH = YES;
				COPY_PHASE_STRIP = NO;
				DEBUG_INFORMATION_FORMAT = dwarf;
				ENABLE_STRICT_OBJC_MSGSEND = YES;
				ENABLE_TESTABILITY = YES;
				ENABLE_USER_SCRIPT_SANDBOXING = YES;
				GCC_C_LANGUAGE_STANDARD = gnu17;
				GCC_DYNAMIC_NO_PIC = NO;
				GCC_NO_COMMON_BLOCKS = YES;
				GCC_OPTIMIZATION_LEVEL = 0;
				GCC_PREPROCESSOR_DEFINITIONS = (
					"DEBUG=1",
					"$(inherited)",
				);
				GCC_WARN_64_TO_32_BIT_CONVERSION = YES;
				GCC_WARN_ABOUT_RETURN_TYPE = YES_ERROR;
				GCC_WARN_UNDECLARED_SELECTOR = YES;
				GCC_WARN_UNINITIALIZED_AUTOS = YES_AGGRESSIVE;
				GCC_WARN_UNUSED_FUNCTION = YES;
				GCC_WARN_UNUSED_VARIABLE = YES;
				IPHONEOS_DEPLOYMENT_TARGET = 17.4;
				LOCALIZATION_PREFERS_STRING_CATALOGS = YES;
				MTL_ENABLE_DEBUG_INFO = INCLUDE_SOURCE;
				MTL_FAST_MATH = YES;
				ONLY_ACTIVE_ARCH = YES;
				SDKROOT = iphoneos;
				SWIFT_ACTIVE_COMPILATION_CONDITIONS = "DEBUG $(inherited)";
				SWIFT_OPTIMIZATION_LEVEL = "-Onone";
			};
			name = Debug;
		};
		67299C182BEB1BF70055D990 /* Release */ = {
			isa = XCBuildConfiguration;
			buildSettings = {
				ALWAYS_SEARCH_USER_PATHS = NO;
				ASSETCATALOG_COMPILER_GENERATE_SWIFT_ASSET_SYMBOL_EXTENSIONS = YES;
				CLANG_ANALYZER_NONNULL = YES;
				CLANG_ANALYZER_NUMBER_OBJECT_CONVERSION = YES_AGGRESSIVE;
				CLANG_CXX_LANGUAGE_STANDARD = "gnu++20";
				CLANG_ENABLE_MODULES = YES;
				CLANG_ENABLE_OBJC_ARC = YES;
				CLANG_ENABLE_OBJC_WEAK = YES;
				CLANG_WARN_BLOCK_CAPTURE_AUTORELEASING = YES;
				CLANG_WARN_BOOL_CONVERSION = YES;
				CLANG_WARN_COMMA = YES;
				CLANG_WARN_CONSTANT_CONVERSION = YES;
				CLANG_WARN_DEPRECATED_OBJC_IMPLEMENTATIONS = YES;
				CLANG_WARN_DIRECT_OBJC_ISA_USAGE = YES_ERROR;
				CLANG_WARN_DOCUMENTATION_COMMENTS = YES;
				CLANG_WARN_EMPTY_BODY = YES;
				CLANG_WARN_ENUM_CONVERSION = YES;
				CLANG_WARN_INFINITE_RECURSION = YES;
				CLANG_WARN_INT_CONVERSION = YES;
				CLANG_WARN_NON_LITERAL_NULL_CONVERSION = YES;
				CLANG_WARN_OBJC_IMPLICIT_RETAIN_SELF = YES;
				CLANG_WARN_OBJC_LITERAL_CONVERSION = YES;
				CLANG_WARN_OBJC_ROOT_CLASS = YES_ERROR;
				CLANG_WARN_QUOTED_INCLUDE_IN_FRAMEWORK_HEADER = YES;
				CLANG_WARN_RANGE_LOOP_ANALYSIS = YES;
				CLANG_WARN_STRICT_PROTOTYPES = YES;
				CLANG_WARN_SUSPICIOUS_MOVE = YES;
				CLANG_WARN_UNGUARDED_AVAILABILITY = YES_AGGRESSIVE;
				CLANG_WARN_UNREACHABLE_CODE = YES;
				CLANG_WARN__DUPLICATE_METHOD_MATCH = YES;
				COPY_PHASE_STRIP = NO;
				DEBUG_INFORMATION_FORMAT = "dwarf-with-dsym";
				ENABLE_NS_ASSERTIONS = NO;
				ENABLE_STRICT_OBJC_MSGSEND = YES;
				ENABLE_USER_SCRIPT_SANDBOXING = YES;
				GCC_C_LANGUAGE_STANDARD = gnu17;
				GCC_NO_COMMON_BLOCKS = YES;
				GCC_WARN_64_TO_32_BIT_CONVERSION = YES;
				GCC_WARN_ABOUT_RETURN_TYPE = YES_ERROR;
				GCC_WARN_UNDECLARED_SELECTOR = YES;
				GCC_WARN_UNINITIALIZED_AUTOS = YES_AGGRESSIVE;
				GCC_WARN_UNUSED_FUNCTION = YES;
				GCC_WARN_UNUSED_VARIABLE = YES;
				IPHONEOS_DEPLOYMENT_TARGET = 17.4;
				LOCALIZATION_PREFERS_STRING_CATALOGS = YES;
				MTL_ENABLE_DEBUG_INFO = NO;
				MTL_FAST_MATH = YES;
				SDKROOT = iphoneos;
				SWIFT_COMPILATION_MODE = wholemodule;
				VALIDATE_PRODUCT = YES;
			};
			name = Release;
		};
		67299C1A2BEB1BF70055D990 /* Debug */ = {
			isa = XCBuildConfiguration;
			buildSettings = {
				ASSETCATALOG_COMPILER_APPICON_NAME = AppIcon;
				ASSETCATALOG_COMPILER_GLOBAL_ACCENT_COLOR_NAME = AccentColor;
				CODE_SIGN_STYLE = Automatic;
				CURRENT_PROJECT_VERSION = 1;
				DEVELOPMENT_ASSET_PATHS = "\"Movie App REST API/Preview Content\"";
				ENABLE_PREVIEWS = YES;
				GENERATE_INFOPLIST_FILE = YES;
				INFOPLIST_KEY_UIApplicationSceneManifest_Generation = YES;
				INFOPLIST_KEY_UIApplicationSupportsIndirectInputEvents = YES;
				INFOPLIST_KEY_UILaunchScreen_Generation = YES;
				INFOPLIST_KEY_UISupportedInterfaceOrientations_iPad = "UIInterfaceOrientationPortrait UIInterfaceOrientationPortraitUpsideDown UIInterfaceOrientationLandscapeLeft UIInterfaceOrientationLandscapeRight";
				INFOPLIST_KEY_UISupportedInterfaceOrientations_iPhone = "UIInterfaceOrientationPortrait UIInterfaceOrientationLandscapeLeft UIInterfaceOrientationLandscapeRight";
				LD_RUNPATH_SEARCH_PATHS = (
					"$(inherited)",
					"@executable_path/Frameworks",
				);
				MARKETING_VERSION = 1.0;
				PRODUCT_BUNDLE_IDENTIFIER = "com.fardikha.Movie-App-REST-API";
				PRODUCT_NAME = "$(TARGET_NAME)";
				SWIFT_EMIT_LOC_STRINGS = YES;
				SWIFT_VERSION = 5.0;
				TARGETED_DEVICE_FAMILY = "1,2";
			};
			name = Debug;
		};
		67299C1B2BEB1BF70055D990 /* Release */ = {
			isa = XCBuildConfiguration;
			buildSettings = {
				ASSETCATALOG_COMPILER_APPICON_NAME = AppIcon;
				ASSETCATALOG_COMPILER_GLOBAL_ACCENT_COLOR_NAME = AccentColor;
				CODE_SIGN_STYLE = Automatic;
				CURRENT_PROJECT_VERSION = 1;
				DEVELOPMENT_ASSET_PATHS = "\"Movie App REST API/Preview Content\"";
				ENABLE_PREVIEWS = YES;
				GENERATE_INFOPLIST_FILE = YES;
				INFOPLIST_KEY_UIApplicationSceneManifest_Generation = YES;
				INFOPLIST_KEY_UIApplicationSupportsIndirectInputEvents = YES;
				INFOPLIST_KEY_UILaunchScreen_Generation = YES;
				INFOPLIST_KEY_UISupportedInterfaceOrientations_iPad = "UIInterfaceOrientationPortrait UIInterfaceOrientationPortraitUpsideDown UIInterfaceOrientationLandscapeLeft UIInterfaceOrientationLandscapeRight";
				INFOPLIST_KEY_UISupportedInterfaceOrientations_iPhone = "UIInterfaceOrientationPortrait UIInterfaceOrientationLandscapeLeft UIInterfaceOrientationLandscapeRight";
				LD_RUNPATH_SEARCH_PATHS = (
					"$(inherited)",
					"@executable_path/Frameworks",
				);
				MARKETING_VERSION = 1.0;
				PRODUCT_BUNDLE_IDENTIFIER = "com.fardikha.Movie-App-REST-API";
				PRODUCT_NAME = "$(TARGET_NAME)";
				SWIFT_EMIT_LOC_STRINGS = YES;
				SWIFT_VERSION = 5.0;
				TARGETED_DEVICE_FAMILY = "1,2";
			};
			name = Release;
		};
		67299C1D2BEB1BF70055D990 /* Debug */ = {
			isa = XCBuildConfiguration;
			buildSettings = {
				ALWAYS_EMBED_SWIFT_STANDARD_LIBRARIES = YES;
				BUNDLE_LOADER = "$(TEST_HOST)";
				CODE_SIGN_STYLE = Automatic;
				CURRENT_PROJECT_VERSION = 1;
				GENERATE_INFOPLIST_FILE = YES;
				IPHONEOS_DEPLOYMENT_TARGET = 17.4;
				MARKETING_VERSION = 1.0;
				PRODUCT_BUNDLE_IDENTIFIER = "com.fardikha.Movie-App-REST-APITests";
				PRODUCT_NAME = "$(TARGET_NAME)";
				SWIFT_EMIT_LOC_STRINGS = NO;
				SWIFT_VERSION = 5.0;
				TARGETED_DEVICE_FAMILY = "1,2";
				TEST_HOST = "$(BUILT_PRODUCTS_DIR)/Movie App REST API.app/$(BUNDLE_EXECUTABLE_FOLDER_PATH)/Movie App REST API";
			};
			name = Debug;
		};
		67299C1E2BEB1BF70055D990 /* Release */ = {
			isa = XCBuildConfiguration;
			buildSettings = {
				ALWAYS_EMBED_SWIFT_STANDARD_LIBRARIES = YES;
				BUNDLE_LOADER = "$(TEST_HOST)";
				CODE_SIGN_STYLE = Automatic;
				CURRENT_PROJECT_VERSION = 1;
				GENERATE_INFOPLIST_FILE = YES;
				IPHONEOS_DEPLOYMENT_TARGET = 17.4;
				MARKETING_VERSION = 1.0;
				PRODUCT_BUNDLE_IDENTIFIER = "com.fardikha.Movie-App-REST-APITests";
				PRODUCT_NAME = "$(TARGET_NAME)";
				SWIFT_EMIT_LOC_STRINGS = NO;
				SWIFT_VERSION = 5.0;
				TARGETED_DEVICE_FAMILY = "1,2";
				TEST_HOST = "$(BUILT_PRODUCTS_DIR)/Movie App REST API.app/$(BUNDLE_EXECUTABLE_FOLDER_PATH)/Movie App REST API";
			};
			name = Release;
		};
		67299C202BEB1BF70055D990 /* Debug */ = {
			isa = XCBuildConfiguration;
			buildSettings = {
				ALWAYS_EMBED_SWIFT_STANDARD_LIBRARIES = YES;
				CODE_SIGN_STYLE = Automatic;
				CURRENT_PROJECT_VERSION = 1;
				GENERATE_INFOPLIST_FILE = YES;
				MARKETING_VERSION = 1.0;
				PRODUCT_BUNDLE_IDENTIFIER = "com.fardikha.Movie-App-REST-APIUITests";
				PRODUCT_NAME = "$(TARGET_NAME)";
				SWIFT_EMIT_LOC_STRINGS = NO;
				SWIFT_VERSION = 5.0;
				TARGETED_DEVICE_FAMILY = "1,2";
				TEST_TARGET_NAME = "Movie App REST API";
			};
			name = Debug;
		};
		67299C212BEB1BF70055D990 /* Release */ = {
			isa = XCBuildConfiguration;
			buildSettings = {
				ALWAYS_EMBED_SWIFT_STANDARD_LIBRARIES = YES;
				CODE_SIGN_STYLE = Automatic;
				CURRENT_PROJECT_VERSION = 1;
				GENERATE_INFOPLIST_FILE = YES;
				MARKETING_VERSION = 1.0;
				PRODUCT_BUNDLE_IDENTIFIER = "com.fardikha.Movie-App-REST-APIUITests";
				PRODUCT_NAME = "$(TARGET_NAME)";
				SWIFT_EMIT_LOC_STRINGS = NO;
				SWIFT_VERSION = 5.0;
				TARGETED_DEVICE_FAMILY = "1,2";
				TEST_TARGET_NAME = "Movie App REST API";
			};
			name = Release;
		};
/* End XCBuildConfiguration section */

/* Begin XCConfigurationList section */
		67299BF02BEB1BF60055D990 /* Build configuration list for PBXProject "Movie App REST API" */ = {
			isa = XCConfigurationList;
			buildConfigurations = (
				67299C172BEB1BF70055D990 /* Debug */,
				67299C182BEB1BF70055D990 /* Release */,
			);
			defaultConfigurationIsVisible = 0;
			defaultConfigurationName = Release;
		};
		67299C192BEB1BF70055D990 /* Build configuration list for PBXNativeTarget "Movie App REST API" */ = {
			isa = XCConfigurationList;
			buildConfigurations = (
				67299C1A2BEB1BF70055D990 /* Debug */,
				67299C1B2BEB1BF70055D990 /* Release */,
			);
			defaultConfigurationIsVisible = 0;
			defaultConfigurationName = Release;
		};
		67299C1C2BEB1BF70055D990 /* Build configuration list for PBXNativeTarget "Movie App REST APITests" */ = {
			isa = XCConfigurationList;
			buildConfigurations = (
				67299C1D2BEB1BF70055D990 /* Debug */,
				67299C1E2BEB1BF70055D990 /* Release */,
			);
			defaultConfigurationIsVisible = 0;
			defaultConfigurationName = Release;
		};
		67299C1F2BEB1BF70055D990 /* Build configuration list for PBXNativeTarget "Movie App REST APIUITests" */ = {
			isa = XCConfigurationList;
			buildConfigurations = (
				67299C202BEB1BF70055D990 /* Debug */,
				67299C212BEB1BF70055D990 /* Release */,
			);
			defaultConfigurationIsVisible = 0;
			defaultConfigurationName = Release;
		};
/* End XCConfigurationList section */
	};
	rootObject = 67299BED2BEB1BF60055D990 /* Project object */;
}
